GEM
  remote: https://rubygems.org/
  specs:
    base64 (0.2.0)
    discordrb (3.6.1)
      base64 (~> 0.2.0)
      discordrb-webhooks (~> 3.6.1)
      ffi (>= 1.9.24)
      opus-ruby
      rest-client (>= 2.0.0)
      websocket-client-simple (>= 0.9.0)
    discordrb-webhooks (3.6.1)
      rest-client (>= 2.0.0)
    domain_name (0.6.20240107)
    dotenv (2.8.1)
    event_emitter (0.2.6)
    ffi (1.17.2-arm64-darwin)
    ffi (1.17.2-x86_64-linux-gnu)
    http-accept (1.7.0)
    http-cookie (1.1.0)
      domain_name (~> 0.5)
    logger (1.7.0)
    mime-types (3.7.0)
      logger
      mime-types-data (~> 3.2025, >= 3.2025.0507)
    mime-types-data (3.2025.0924)
    mutex_m (0.2.0)
    netrc (0.11.0)
    opus-ruby (1.0.1)
      ffi
    rest-client (2.1.0)
      http-accept (>= 1.7.0, < 2.0)
      http-cookie (>= 1.0.2, < 2.0)
      mime-types (>= 1.16, < 4.0)
      netrc (~> 0.8)
    websocket (1.2.11)
    websocket-client-simple (0.9.0)
      base64
      event_emitter
      mutex_m
      websocket

PLATFORMS
  arm64-darwin
  x86_64-linux

DEPENDENCIES
  discordrb (~> 3.6)
  dotenv (~> 2.8)

RUBY VERSION
   ruby 3.3.8p144

BUNDLED WITH
   2.7.2
